
Microsoft Visual Studio Solution File, Format Version 12.00
# Visual Studio Version 17
VisualStudioVersion = 17.0.31912.275
MinimumVisualStudioVersion = 10.0.40219.1
Project("{2150E333-8FDC-42A3-9474-1A3956D46DE8}") = "Doc", "Doc", "{DD5DC865-5A24-4EFA-B004-85279D485251}"
EndProject
Project("{2150E333-8FDC-42A3-9474-1A3956D46DE8}") = "Core", "Core", "{FD9EBA02-0C2B-40A5-8018-DF2ADF25B3F1}"
EndProject
Project("{2150E333-8FDC-42A3-9474-1A3956D46DE8}") = "Infrastuctures", "Infrastuctures", "{0060FC23-38CF-44DD-9877-43392E056B44}"
EndProject
Project("{2150E333-8FDC-42A3-9474-1A3956D46DE8}") = "Presentation", "Presentation", "{B85AC24A-DA66-4F8A-9C03-B32022C608D4}"
EndProject
Project("{FAE04EC0-301F-11D3-BF4B-00C04F79EFBC}") = "Application", "Application\Application.csproj", "{8A0DF7EF-3DCE-4999-AC14-465D22F300EF}"
EndProject
Project("{FAE04EC0-301F-11D3-BF4B-00C04F79EFBC}") = "Domain", "Entities\Domain.csproj", "{C3D77E9F-F9B6-46F8-B302-11805431319E}"
EndProject
Project("{FAE04EC0-301F-11D3-BF4B-00C04F79EFBC}") = "UI.Web", "UI.Web\UI.Web.csproj", "{F9100F24-A7A6-4B9C-A9C0-CCE2672A4DDB}"
EndProject
Project("{2150E333-8FDC-42A3-9474-1A3956D46DE8}") = "Src", "Src", "{02EA681E-C7D8-13C7-8484-4AC65E1B71E8}"
EndProject
Project("{2150E333-8FDC-42A3-9474-1A3956D46DE8}") = "Test", "Test", "{A3F6CBB2-3ACB-4548-B1EF-9F41FE841F5E}"
EndProject
Project("{FAE04EC0-301F-11D3-BF4B-00C04F79EFBC}") = "Infrastucture", "Inferasturcture\Infrastucture.csproj", "{607A0AE1-AC25-4839-BC79-0624CD614D66}"
EndProject
Project("{FAE04EC0-301F-11D3-BF4B-00C04F79EFBC}") = "Persistence", "Persistence\Persistence.csproj", "{258D073B-3279-4197-877C-011A0CC91F7D}"
EndProject
Global
	GlobalSection(SolutionConfigurationPlatforms) = preSolution
		Debug|Any CPU = Debug|Any CPU
		Release|Any CPU = Release|Any CPU
	EndGlobalSection
	GlobalSection(ProjectConfigurationPlatforms) = postSolution
		{8A0DF7EF-3DCE-4999-AC14-465D22F300EF}.Debug|Any CPU.ActiveCfg = Debug|Any CPU
		{8A0DF7EF-3DCE-4999-AC14-465D22F300EF}.Debug|Any CPU.Build.0 = Debug|Any CPU
		{8A0DF7EF-3DCE-4999-AC14-465D22F300EF}.Release|Any CPU.ActiveCfg = Release|Any CPU
		{8A0DF7EF-3DCE-4999-AC14-465D22F300EF}.Release|Any CPU.Build.0 = Release|Any CPU
		{C3D77E9F-F9B6-46F8-B302-11805431319E}.Debug|Any CPU.ActiveCfg = Debug|Any CPU
		{C3D77E9F-F9B6-46F8-B302-11805431319E}.Debug|Any CPU.Build.0 = Debug|Any CPU
		{C3D77E9F-F9B6-46F8-B302-11805431319E}.Release|Any CPU.ActiveCfg = Release|Any CPU
		{C3D77E9F-F9B6-46F8-B302-11805431319E}.Release|Any CPU.Build.0 = Release|Any CPU
		{F9100F24-A7A6-4B9C-A9C0-CCE2672A4DDB}.Debug|Any CPU.ActiveCfg = Debug|Any CPU
		{F9100F24-A7A6-4B9C-A9C0-CCE2672A4DDB}.Debug|Any CPU.Build.0 = Debug|Any CPU
		{F9100F24-A7A6-4B9C-A9C0-CCE2672A4DDB}.Release|Any CPU.ActiveCfg = Release|Any CPU
		{F9100F24-A7A6-4B9C-A9C0-CCE2672A4DDB}.Release|Any CPU.Build.0 = Release|Any CPU
		{607A0AE1-AC25-4839-BC79-0624CD614D66}.Debug|Any CPU.ActiveCfg = Debug|Any CPU
		{607A0AE1-AC25-4839-BC79-0624CD614D66}.Debug|Any CPU.Build.0 = Debug|Any CPU
		{607A0AE1-AC25-4839-BC79-0624CD614D66}.Release|Any CPU.ActiveCfg = Release|Any CPU
		{607A0AE1-AC25-4839-BC79-0624CD614D66}.Release|Any CPU.Build.0 = Release|Any CPU
		{258D073B-3279-4197-877C-011A0CC91F7D}.Debug|Any CPU.ActiveCfg = Debug|Any CPU
		{258D073B-3279-4197-877C-011A0CC91F7D}.Debug|Any CPU.Build.0 = Debug|Any CPU
		{258D073B-3279-4197-877C-011A0CC91F7D}.Release|Any CPU.ActiveCfg = Release|Any CPU
		{258D073B-3279-4197-877C-011A0CC91F7D}.Release|Any CPU.Build.0 = Release|Any CPU
	EndGlobalSection
	GlobalSection(SolutionProperties) = preSolution
		HideSolutionNode = FALSE
	EndGlobalSection
	GlobalSection(NestedProjects) = preSolution
		{FD9EBA02-0C2B-40A5-8018-DF2ADF25B3F1} = {02EA681E-C7D8-13C7-8484-4AC65E1B71E8}
		{0060FC23-38CF-44DD-9877-43392E056B44} = {02EA681E-C7D8-13C7-8484-4AC65E1B71E8}
		{B85AC24A-DA66-4F8A-9C03-B32022C608D4} = {02EA681E-C7D8-13C7-8484-4AC65E1B71E8}
		{8A0DF7EF-3DCE-4999-AC14-465D22F300EF} = {FD9EBA02-0C2B-40A5-8018-DF2ADF25B3F1}
		{C3D77E9F-F9B6-46F8-B302-11805431319E} = {FD9EBA02-0C2B-40A5-8018-DF2ADF25B3F1}
		{F9100F24-A7A6-4B9C-A9C0-CCE2672A4DDB} = {B85AC24A-DA66-4F8A-9C03-B32022C608D4}
		{607A0AE1-AC25-4839-BC79-0624CD614D66} = {0060FC23-38CF-44DD-9877-43392E056B44}
		{258D073B-3279-4197-877C-011A0CC91F7D} = {0060FC23-38CF-44DD-9877-43392E056B44}
	EndGlobalSection
	GlobalSection(ExtensibilityGlobals) = postSolution
		SolutionGuid = {433F0094-98F0-4493-AFD8-0BA7812EFD5F}
	EndGlobalSection
EndGlobal
